
Microsoft Visual Studio Solution File, Format Version 12.00
# Visual Studio 14
VisualStudioVersion = 14.0.23107.0
MinimumVisualStudioVersion = 10.0.40219.1
Project("{8BC9CEB8-8B4A-11D0-8D11-00A0C91BC942}") = "线程临界区-线程冲突", "线程临界区-线程冲突\线程临界区-线程冲突.vcxproj", "{66FF1631-7DF4-46BD-9588-984A6B248A07}"
EndProject
Global
	GlobalSection(SolutionConfigurationPlatforms) = preSolution
		Debug|x64 = Debug|x64
		Debug|x86 = Debug|x86
		Release|x64 = Release|x64
		Release|x86 = Release|x86
	EndGlobalSection
	GlobalSection(ProjectConfigurationPlatforms) = postSolution
		{66FF1631-7DF4-46BD-9588-984A6B248A07}.Debug|x64.ActiveCfg = Debug|x64
		{66FF1631-7DF4-46BD-9588-984A6B248A07}.Debug|x64.Build.0 = Debug|x64
		{66FF1631-7DF4-46BD-9588-984A6B248A07}.Debug|x86.ActiveCfg = Debug|Win32
		{66FF1631-7DF4-46BD-9588-984A6B248A07}.Debug|x86.Build.0 = Debug|Win32
		{66FF1631-7DF4-46BD-9588-984A6B248A07}.Release|x64.ActiveCfg = Release|x64
		{66FF1631-7DF4-46BD-9588-984A6B248A07}.Release|x64.Build.0 = Release|x64
		{66FF1631-7DF4-46BD-9588-984A6B248A07}.Release|x86.ActiveCfg = Release|Win32
		{66FF1631-7DF4-46BD-9588-984A6B248A07}.Release|x86.Build.0 = Release|Win32
	EndGlobalSection
	GlobalSection(SolutionProperties) = preSolution
		HideSolutionNode = FALSE
	EndGlobalSection
EndGlobal
