
Microsoft Visual Studio Solution File, Format Version 12.00
# Visual Studio 14
VisualStudioVersion = 14.0.23107.0
MinimumVisualStudioVersion = 10.0.40219.1
Project("{8BC9CEB8-8B4A-11D0-8D11-00A0C91BC942}") = "线程event跨进程", "线程event跨进程\线程event跨进程.vcxproj", "{B4FBCFAA-C4E7-44A3-ACDC-669B3D3CDCA1}"
EndProject
Project("{8BC9CEB8-8B4A-11D0-8D11-00A0C91BC942}") = "event", "event\event.vcxproj", "{D8033C76-7657-42AE-A881-D75B3444A250}"
EndProject
Global
	GlobalSection(SolutionConfigurationPlatforms) = preSolution
		Debug|x64 = Debug|x64
		Debug|x86 = Debug|x86
		Release|x64 = Release|x64
		Release|x86 = Release|x86
	EndGlobalSection
	GlobalSection(ProjectConfigurationPlatforms) = postSolution
		{B4FBCFAA-C4E7-44A3-ACDC-669B3D3CDCA1}.Debug|x64.ActiveCfg = Debug|x64
		{B4FBCFAA-C4E7-44A3-ACDC-669B3D3CDCA1}.Debug|x64.Build.0 = Debug|x64
		{B4FBCFAA-C4E7-44A3-ACDC-669B3D3CDCA1}.Debug|x86.ActiveCfg = Debug|Win32
		{B4FBCFAA-C4E7-44A3-ACDC-669B3D3CDCA1}.Debug|x86.Build.0 = Debug|Win32
		{B4FBCFAA-C4E7-44A3-ACDC-669B3D3CDCA1}.Release|x64.ActiveCfg = Release|x64
		{B4FBCFAA-C4E7-44A3-ACDC-669B3D3CDCA1}.Release|x64.Build.0 = Release|x64
		{B4FBCFAA-C4E7-44A3-ACDC-669B3D3CDCA1}.Release|x86.ActiveCfg = Release|Win32
		{B4FBCFAA-C4E7-44A3-ACDC-669B3D3CDCA1}.Release|x86.Build.0 = Release|Win32
		{D8033C76-7657-42AE-A881-D75B3444A250}.Debug|x64.ActiveCfg = Debug|x64
		{D8033C76-7657-42AE-A881-D75B3444A250}.Debug|x64.Build.0 = Debug|x64
		{D8033C76-7657-42AE-A881-D75B3444A250}.Debug|x86.ActiveCfg = Debug|Win32
		{D8033C76-7657-42AE-A881-D75B3444A250}.Debug|x86.Build.0 = Debug|Win32
		{D8033C76-7657-42AE-A881-D75B3444A250}.Release|x64.ActiveCfg = Release|x64
		{D8033C76-7657-42AE-A881-D75B3444A250}.Release|x64.Build.0 = Release|x64
		{D8033C76-7657-42AE-A881-D75B3444A250}.Release|x86.ActiveCfg = Release|Win32
		{D8033C76-7657-42AE-A881-D75B3444A250}.Release|x86.Build.0 = Release|Win32
	EndGlobalSection
	GlobalSection(SolutionProperties) = preSolution
		HideSolutionNode = FALSE
	EndGlobalSection
EndGlobal
